
Microsoft Visual Studio Solution File, Format Version 12.00
# Visual Studio Express 2013 for Windows Desktop
VisualStudioVersion = 12.0.21005.1
MinimumVisualStudioVersion = 10.0.40219.1
Project("{FAE04EC0-301F-11D3-BF4B-00C04F79EFBC}") = "MundasiaServer", "MundasiaServer\MundasiaServer.csproj", "{43CF0B3F-0540-4ECF-AD37-5B604D9E2F05}"
EndProject
Project("{FAE04EC0-301F-11D3-BF4B-00C04F79EFBC}") = "ServerConnector", "..\ServerConnector\ServerConnector\ServerConnector.csproj", "{9A38B736-1303-422B-AA0C-1352AA42123B}"
EndProject
Project("{FAE04EC0-301F-11D3-BF4B-00C04F79EFBC}") = "AccountManager", "..\AccountManager\AccountManager\AccountManager.csproj", "{DD45569A-008D-410F-8A26-E478E425038F}"
EndProject
Project("{FAE04EC0-301F-11D3-BF4B-00C04F79EFBC}") = "CommunicationObjects", "..\CommunicationObjects\CommunicationObjects\CommunicationObjects.csproj", "{A7FEBF3F-77CA-4D58-AB45-74A8B0DB183E}"
EndProject
Project("{FAE04EC0-301F-11D3-BF4B-00C04F79EFBC}") = "Character", "..\Character\Character.csproj", "{E46D3910-9E76-4242-B3EE-8AF00ACBF511}"
EndProject
Project("{FAE04EC0-301F-11D3-BF4B-00C04F79EFBC}") = "Abilities", "..\Abilities\Abilities.csproj", "{A247C466-DEDF-418F-AB97-50A19120CEC7}"
EndProject
Project("{FAE04EC0-301F-11D3-BF4B-00C04F79EFBC}") = "Morals", "..\Morals\Morals.csproj", "{1F2756B0-DFEC-4E47-A5AA-8AFD29422BBE}"
EndProject
Project("{FAE04EC0-301F-11D3-BF4B-00C04F79EFBC}") = "Profession", "..\Profession\Profession.csproj", "{C3940B1F-280B-45EF-9ADE-399D1FEFF849}"
EndProject
Project("{FAE04EC0-301F-11D3-BF4B-00C04F79EFBC}") = "VirtueVice", "..\VirtueVice\VirtueVice.csproj", "{39CC4A6B-7D59-4F7A-A947-D8BE33059673}"
EndProject
Project("{FAE04EC0-301F-11D3-BF4B-00C04F79EFBC}") = "Race", "..\Race\Race.csproj", "{7EA1BD43-9778-4E02-ACDF-C3772BA4E5DF}"
EndProject
Project("{FAE04EC0-301F-11D3-BF4B-00C04F79EFBC}") = "Skill", "..\Skill\Skill.csproj", "{E4D21F03-FA7E-41EF-982A-F7604CEAD3F2}"
EndProject
Global
	GlobalSection(SolutionConfigurationPlatforms) = preSolution
		Debug|Any CPU = Debug|Any CPU
		Debug|Mixed Platforms = Debug|Mixed Platforms
		Debug|x86 = Debug|x86
		Release|Any CPU = Release|Any CPU
		Release|Mixed Platforms = Release|Mixed Platforms
		Release|x86 = Release|x86
	EndGlobalSection
	GlobalSection(ProjectConfigurationPlatforms) = postSolution
		{43CF0B3F-0540-4ECF-AD37-5B604D9E2F05}.Debug|Any CPU.ActiveCfg = Debug|x86
		{43CF0B3F-0540-4ECF-AD37-5B604D9E2F05}.Debug|Mixed Platforms.ActiveCfg = Debug|x86
		{43CF0B3F-0540-4ECF-AD37-5B604D9E2F05}.Debug|Mixed Platforms.Build.0 = Debug|x86
		{43CF0B3F-0540-4ECF-AD37-5B604D9E2F05}.Debug|x86.ActiveCfg = Debug|x86
		{43CF0B3F-0540-4ECF-AD37-5B604D9E2F05}.Debug|x86.Build.0 = Debug|x86
		{43CF0B3F-0540-4ECF-AD37-5B604D9E2F05}.Release|Any CPU.ActiveCfg = Release|x86
		{43CF0B3F-0540-4ECF-AD37-5B604D9E2F05}.Release|Mixed Platforms.ActiveCfg = Release|x86
		{43CF0B3F-0540-4ECF-AD37-5B604D9E2F05}.Release|Mixed Platforms.Build.0 = Release|x86
		{43CF0B3F-0540-4ECF-AD37-5B604D9E2F05}.Release|x86.ActiveCfg = Release|x86
		{43CF0B3F-0540-4ECF-AD37-5B604D9E2F05}.Release|x86.Build.0 = Release|x86
		{9A38B736-1303-422B-AA0C-1352AA42123B}.Debug|Any CPU.ActiveCfg = Debug|Any CPU
		{9A38B736-1303-422B-AA0C-1352AA42123B}.Debug|Any CPU.Build.0 = Debug|Any CPU
		{9A38B736-1303-422B-AA0C-1352AA42123B}.Debug|Mixed Platforms.ActiveCfg = Debug|Any CPU
		{9A38B736-1303-422B-AA0C-1352AA42123B}.Debug|Mixed Platforms.Build.0 = Debug|Any CPU
		{9A38B736-1303-422B-AA0C-1352AA42123B}.Debug|x86.ActiveCfg = Debug|Any CPU
		{9A38B736-1303-422B-AA0C-1352AA42123B}.Release|Any CPU.ActiveCfg = Release|Any CPU
		{9A38B736-1303-422B-AA0C-1352AA42123B}.Release|Any CPU.Build.0 = Release|Any CPU
		{9A38B736-1303-422B-AA0C-1352AA42123B}.Release|Mixed Platforms.ActiveCfg = Release|Any CPU
		{9A38B736-1303-422B-AA0C-1352AA42123B}.Release|Mixed Platforms.Build.0 = Release|Any CPU
		{9A38B736-1303-422B-AA0C-1352AA42123B}.Release|x86.ActiveCfg = Release|Any CPU
		{DD45569A-008D-410F-8A26-E478E425038F}.Debug|Any CPU.ActiveCfg = Debug|Any CPU
		{DD45569A-008D-410F-8A26-E478E425038F}.Debug|Any CPU.Build.0 = Debug|Any CPU
		{DD45569A-008D-410F-8A26-E478E425038F}.Debug|Mixed Platforms.ActiveCfg = Debug|Any CPU
		{DD45569A-008D-410F-8A26-E478E425038F}.Debug|Mixed Platforms.Build.0 = Debug|Any CPU
		{DD45569A-008D-410F-8A26-E478E425038F}.Debug|x86.ActiveCfg = Debug|Any CPU
		{DD45569A-008D-410F-8A26-E478E425038F}.Release|Any CPU.ActiveCfg = Release|Any CPU
		{DD45569A-008D-410F-8A26-E478E425038F}.Release|Any CPU.Build.0 = Release|Any CPU
		{DD45569A-008D-410F-8A26-E478E425038F}.Release|Mixed Platforms.ActiveCfg = Release|Any CPU
		{DD45569A-008D-410F-8A26-E478E425038F}.Release|Mixed Platforms.Build.0 = Release|Any CPU
		{DD45569A-008D-410F-8A26-E478E425038F}.Release|x86.ActiveCfg = Release|Any CPU
		{A7FEBF3F-77CA-4D58-AB45-74A8B0DB183E}.Debug|Any CPU.ActiveCfg = Debug|Any CPU
		{A7FEBF3F-77CA-4D58-AB45-74A8B0DB183E}.Debug|Any CPU.Build.0 = Debug|Any CPU
		{A7FEBF3F-77CA-4D58-AB45-74A8B0DB183E}.Debug|Mixed Platforms.ActiveCfg = Debug|Any CPU
		{A7FEBF3F-77CA-4D58-AB45-74A8B0DB183E}.Debug|Mixed Platforms.Build.0 = Debug|Any CPU
		{A7FEBF3F-77CA-4D58-AB45-74A8B0DB183E}.Debug|x86.ActiveCfg = Debug|Any CPU
		{A7FEBF3F-77CA-4D58-AB45-74A8B0DB183E}.Release|Any CPU.ActiveCfg = Release|Any CPU
		{A7FEBF3F-77CA-4D58-AB45-74A8B0DB183E}.Release|Any CPU.Build.0 = Release|Any CPU
		{A7FEBF3F-77CA-4D58-AB45-74A8B0DB183E}.Release|Mixed Platforms.ActiveCfg = Release|Any CPU
		{A7FEBF3F-77CA-4D58-AB45-74A8B0DB183E}.Release|Mixed Platforms.Build.0 = Release|Any CPU
		{A7FEBF3F-77CA-4D58-AB45-74A8B0DB183E}.Release|x86.ActiveCfg = Release|Any CPU
		{E46D3910-9E76-4242-B3EE-8AF00ACBF511}.Debug|Any CPU.ActiveCfg = Debug|Any CPU
		{E46D3910-9E76-4242-B3EE-8AF00ACBF511}.Debug|Any CPU.Build.0 = Debug|Any CPU
		{E46D3910-9E76-4242-B3EE-8AF00ACBF511}.Debug|Mixed Platforms.ActiveCfg = Debug|Any CPU
		{E46D3910-9E76-4242-B3EE-8AF00ACBF511}.Debug|Mixed Platforms.Build.0 = Debug|Any CPU
		{E46D3910-9E76-4242-B3EE-8AF00ACBF511}.Debug|x86.ActiveCfg = Debug|Any CPU
		{E46D3910-9E76-4242-B3EE-8AF00ACBF511}.Release|Any CPU.ActiveCfg = Release|Any CPU
		{E46D3910-9E76-4242-B3EE-8AF00ACBF511}.Release|Any CPU.Build.0 = Release|Any CPU
		{E46D3910-9E76-4242-B3EE-8AF00ACBF511}.Release|Mixed Platforms.ActiveCfg = Release|Any CPU
		{E46D3910-9E76-4242-B3EE-8AF00ACBF511}.Release|Mixed Platforms.Build.0 = Release|Any CPU
		{E46D3910-9E76-4242-B3EE-8AF00ACBF511}.Release|x86.ActiveCfg = Release|Any CPU
		{A247C466-DEDF-418F-AB97-50A19120CEC7}.Debug|Any CPU.ActiveCfg = Debug|Any CPU
		{A247C466-DEDF-418F-AB97-50A19120CEC7}.Debug|Any CPU.Build.0 = Debug|Any CPU
		{A247C466-DEDF-418F-AB97-50A19120CEC7}.Debug|Mixed Platforms.ActiveCfg = Debug|Any CPU
		{A247C466-DEDF-418F-AB97-50A19120CEC7}.Debug|Mixed Platforms.Build.0 = Debug|Any CPU
		{A247C466-DEDF-418F-AB97-50A19120CEC7}.Debug|x86.ActiveCfg = Debug|Any CPU
		{A247C466-DEDF-418F-AB97-50A19120CEC7}.Release|Any CPU.ActiveCfg = Release|Any CPU
		{A247C466-DEDF-418F-AB97-50A19120CEC7}.Release|Any CPU.Build.0 = Release|Any CPU
		{A247C466-DEDF-418F-AB97-50A19120CEC7}.Release|Mixed Platforms.ActiveCfg = Release|Any CPU
		{A247C466-DEDF-418F-AB97-50A19120CEC7}.Release|Mixed Platforms.Build.0 = Release|Any CPU
		{A247C466-DEDF-418F-AB97-50A19120CEC7}.Release|x86.ActiveCfg = Release|Any CPU
		{1F2756B0-DFEC-4E47-A5AA-8AFD29422BBE}.Debug|Any CPU.ActiveCfg = Debug|Any CPU
		{1F2756B0-DFEC-4E47-A5AA-8AFD29422BBE}.Debug|Any CPU.Build.0 = Debug|Any CPU
		{1F2756B0-DFEC-4E47-A5AA-8AFD29422BBE}.Debug|Mixed Platforms.ActiveCfg = Debug|Any CPU
		{1F2756B0-DFEC-4E47-A5AA-8AFD29422BBE}.Debug|Mixed Platforms.Build.0 = Debug|Any CPU
		{1F2756B0-DFEC-4E47-A5AA-8AFD29422BBE}.Debug|x86.ActiveCfg = Debug|Any CPU
		{1F2756B0-DFEC-4E47-A5AA-8AFD29422BBE}.Release|Any CPU.ActiveCfg = Release|Any CPU
		{1F2756B0-DFEC-4E47-A5AA-8AFD29422BBE}.Release|Any CPU.Build.0 = Release|Any CPU
		{1F2756B0-DFEC-4E47-A5AA-8AFD29422BBE}.Release|Mixed Platforms.ActiveCfg = Release|Any CPU
		{1F2756B0-DFEC-4E47-A5AA-8AFD29422BBE}.Release|Mixed Platforms.Build.0 = Release|Any CPU
		{1F2756B0-DFEC-4E47-A5AA-8AFD29422BBE}.Release|x86.ActiveCfg = Release|Any CPU
		{C3940B1F-280B-45EF-9ADE-399D1FEFF849}.Debug|Any CPU.ActiveCfg = Debug|Any CPU
		{C3940B1F-280B-45EF-9ADE-399D1FEFF849}.Debug|Any CPU.Build.0 = Debug|Any CPU
		{C3940B1F-280B-45EF-9ADE-399D1FEFF849}.Debug|Mixed Platforms.ActiveCfg = Debug|Any CPU
		{C3940B1F-280B-45EF-9ADE-399D1FEFF849}.Debug|Mixed Platforms.Build.0 = Debug|Any CPU
		{C3940B1F-280B-45EF-9ADE-399D1FEFF849}.Debug|x86.ActiveCfg = Debug|Any CPU
		{C3940B1F-280B-45EF-9ADE-399D1FEFF849}.Release|Any CPU.ActiveCfg = Release|Any CPU
		{C3940B1F-280B-45EF-9ADE-399D1FEFF849}.Release|Any CPU.Build.0 = Release|Any CPU
		{C3940B1F-280B-45EF-9ADE-399D1FEFF849}.Release|Mixed Platforms.ActiveCfg = Release|Any CPU
		{C3940B1F-280B-45EF-9ADE-399D1FEFF849}.Release|Mixed Platforms.Build.0 = Release|Any CPU
		{C3940B1F-280B-45EF-9ADE-399D1FEFF849}.Release|x86.ActiveCfg = Release|Any CPU
		{39CC4A6B-7D59-4F7A-A947-D8BE33059673}.Debug|Any CPU.ActiveCfg = Debug|Any CPU
		{39CC4A6B-7D59-4F7A-A947-D8BE33059673}.Debug|Any CPU.Build.0 = Debug|Any CPU
		{39CC4A6B-7D59-4F7A-A947-D8BE33059673}.Debug|Mixed Platforms.ActiveCfg = Debug|Any CPU
		{39CC4A6B-7D59-4F7A-A947-D8BE33059673}.Debug|Mixed Platforms.Build.0 = Debug|Any CPU
		{39CC4A6B-7D59-4F7A-A947-D8BE33059673}.Debug|x86.ActiveCfg = Debug|Any CPU
		{39CC4A6B-7D59-4F7A-A947-D8BE33059673}.Release|Any CPU.ActiveCfg = Release|Any CPU
		{39CC4A6B-7D59-4F7A-A947-D8BE33059673}.Release|Any CPU.Build.0 = Release|Any CPU
		{39CC4A6B-7D59-4F7A-A947-D8BE33059673}.Release|Mixed Platforms.ActiveCfg = Release|Any CPU
		{39CC4A6B-7D59-4F7A-A947-D8BE33059673}.Release|Mixed Platforms.Build.0 = Release|Any CPU
		{39CC4A6B-7D59-4F7A-A947-D8BE33059673}.Release|x86.ActiveCfg = Release|Any CPU
		{7EA1BD43-9778-4E02-ACDF-C3772BA4E5DF}.Debug|Any CPU.ActiveCfg = Debug|Any CPU
		{7EA1BD43-9778-4E02-ACDF-C3772BA4E5DF}.Debug|Any CPU.Build.0 = Debug|Any CPU
		{7EA1BD43-9778-4E02-ACDF-C3772BA4E5DF}.Debug|Mixed Platforms.ActiveCfg = Debug|Any CPU
		{7EA1BD43-9778-4E02-ACDF-C3772BA4E5DF}.Debug|Mixed Platforms.Build.0 = Debug|Any CPU
		{7EA1BD43-9778-4E02-ACDF-C3772BA4E5DF}.Debug|x86.ActiveCfg = Debug|Any CPU
		{7EA1BD43-9778-4E02-ACDF-C3772BA4E5DF}.Release|Any CPU.ActiveCfg = Release|Any CPU
		{7EA1BD43-9778-4E02-ACDF-C3772BA4E5DF}.Release|Any CPU.Build.0 = Release|Any CPU
		{7EA1BD43-9778-4E02-ACDF-C3772BA4E5DF}.Release|Mixed Platforms.ActiveCfg = Release|Any CPU
		{7EA1BD43-9778-4E02-ACDF-C3772BA4E5DF}.Release|Mixed Platforms.Build.0 = Release|Any CPU
		{7EA1BD43-9778-4E02-ACDF-C3772BA4E5DF}.Release|x86.ActiveCfg = Release|Any CPU
		{E4D21F03-FA7E-41EF-982A-F7604CEAD3F2}.Debug|Any CPU.ActiveCfg = Debug|Any CPU
		{E4D21F03-FA7E-41EF-982A-F7604CEAD3F2}.Debug|Any CPU.Build.0 = Debug|Any CPU
		{E4D21F03-FA7E-41EF-982A-F7604CEAD3F2}.Debug|Mixed Platforms.ActiveCfg = Debug|Any CPU
		{E4D21F03-FA7E-41EF-982A-F7604CEAD3F2}.Debug|Mixed Platforms.Build.0 = Debug|Any CPU
		{E4D21F03-FA7E-41EF-982A-F7604CEAD3F2}.Debug|x86.ActiveCfg = Debug|Any CPU
		{E4D21F03-FA7E-41EF-982A-F7604CEAD3F2}.Release|Any CPU.ActiveCfg = Release|Any CPU
		{E4D21F03-FA7E-41EF-982A-F7604CEAD3F2}.Release|Any CPU.Build.0 = Release|Any CPU
		{E4D21F03-FA7E-41EF-982A-F7604CEAD3F2}.Release|Mixed Platforms.ActiveCfg = Release|Any CPU
		{E4D21F03-FA7E-41EF-982A-F7604CEAD3F2}.Release|Mixed Platforms.Build.0 = Release|Any CPU
		{E4D21F03-FA7E-41EF-982A-F7604CEAD3F2}.Release|x86.ActiveCfg = Release|Any CPU
	EndGlobalSection
	GlobalSection(SolutionProperties) = preSolution
		HideSolutionNode = FALSE
	EndGlobalSection
EndGlobal
